
Microsoft Visual Studio Solution File, Format Version 12.00
# Visual Studio Version 17
VisualStudioVersion = 17.0.31903.59
MinimumVisualStudioVersion = 10.0.40219.1
Project("{FAE04EC0-301F-11D3-BF4B-00C04F79EFBC}") = "GroupAPIProject.WebAPI", "GroupAPIProject.WebAPI\GroupAPIProject.WebAPI.csproj", "{6268FDE2-5DA0-4B8A-8B90-8B9F1E8FF989}"
EndProject
Project("{FAE04EC0-301F-11D3-BF4B-00C04F79EFBC}") = "GroupAPIProject.Data", "GroupAPIProject.Data\GroupAPIProject.Data.csproj", "{3F48536C-FCF3-491F-92FC-E66CE99B575F}"
EndProject
Project("{FAE04EC0-301F-11D3-BF4B-00C04F79EFBC}") = "GroupAPIProject.Services", "GroupAPIProject.Services\GroupAPIProject.Services.csproj", "{92154B4C-E656-436D-B10F-DEEFF63D93C0}"
EndProject
Project("{FAE04EC0-301F-11D3-BF4B-00C04F79EFBC}") = "GroupAPIProject.Models", "GroupAPIProject.Models\GroupAPIProject.Models.csproj", "{028FC725-1D18-4B1F-B1E6-487E150A6FA0}"
EndProject
Global
	GlobalSection(SolutionConfigurationPlatforms) = preSolution
		Debug|Any CPU = Debug|Any CPU
		Release|Any CPU = Release|Any CPU
	EndGlobalSection
	GlobalSection(SolutionProperties) = preSolution
		HideSolutionNode = FALSE
	EndGlobalSection
	GlobalSection(ProjectConfigurationPlatforms) = postSolution
		{6268FDE2-5DA0-4B8A-8B90-8B9F1E8FF989}.Debug|Any CPU.ActiveCfg = Debug|Any CPU
		{6268FDE2-5DA0-4B8A-8B90-8B9F1E8FF989}.Debug|Any CPU.Build.0 = Debug|Any CPU
		{6268FDE2-5DA0-4B8A-8B90-8B9F1E8FF989}.Release|Any CPU.ActiveCfg = Release|Any CPU
		{6268FDE2-5DA0-4B8A-8B90-8B9F1E8FF989}.Release|Any CPU.Build.0 = Release|Any CPU
		{3F48536C-FCF3-491F-92FC-E66CE99B575F}.Debug|Any CPU.ActiveCfg = Debug|Any CPU
		{3F48536C-FCF3-491F-92FC-E66CE99B575F}.Debug|Any CPU.Build.0 = Debug|Any CPU
		{3F48536C-FCF3-491F-92FC-E66CE99B575F}.Release|Any CPU.ActiveCfg = Release|Any CPU
		{3F48536C-FCF3-491F-92FC-E66CE99B575F}.Release|Any CPU.Build.0 = Release|Any CPU
		{92154B4C-E656-436D-B10F-DEEFF63D93C0}.Debug|Any CPU.ActiveCfg = Debug|Any CPU
		{92154B4C-E656-436D-B10F-DEEFF63D93C0}.Debug|Any CPU.Build.0 = Debug|Any CPU
		{92154B4C-E656-436D-B10F-DEEFF63D93C0}.Release|Any CPU.ActiveCfg = Release|Any CPU
		{92154B4C-E656-436D-B10F-DEEFF63D93C0}.Release|Any CPU.Build.0 = Release|Any CPU
		{028FC725-1D18-4B1F-B1E6-487E150A6FA0}.Debug|Any CPU.ActiveCfg = Debug|Any CPU
		{028FC725-1D18-4B1F-B1E6-487E150A6FA0}.Debug|Any CPU.Build.0 = Debug|Any CPU
		{028FC725-1D18-4B1F-B1E6-487E150A6FA0}.Release|Any CPU.ActiveCfg = Release|Any CPU
		{028FC725-1D18-4B1F-B1E6-487E150A6FA0}.Release|Any CPU.Build.0 = Release|Any CPU
	EndGlobalSection
EndGlobal
